
Microsoft Visual Studio Solution File, Format Version 12.00
# Visual Studio Version 17
VisualStudioVersion = 17.7.34221.43
MinimumVisualStudioVersion = 10.0.40219.1
Project("{9A19103F-16F7-4668-BE54-9A1E7A4F7556}") = "SimpleOnlineStore.Domain", "SimpleOnlineStore.Domain\SimpleOnlineStore.Domain.csproj", "{67E86A43-28E7-4FEB-BBA2-B71EFCFDD328}"
EndProject
Project("{2150E333-8FDC-42A3-9474-1A3956D46DE8}") = "Core", "Core", "{392CC4AC-30A2-450B-A302-2B47ECC3CC73}"
EndProject
Project("{2150E333-8FDC-42A3-9474-1A3956D46DE8}") = "Infrastructure", "Infrastructure", "{B110001B-DB99-4B8F-A3ED-B97A4BCA2A26}"
EndProject
Project("{2150E333-8FDC-42A3-9474-1A3956D46DE8}") = "Presentation", "Presentation", "{FED00FC0-F823-4366-9339-C1F3279FDBF1}"
EndProject
Project("{9A19103F-16F7-4668-BE54-9A1E7A4F7556}") = "SimpleOnlineStore.Repository", "SimpleOnlineStore.Repository\SimpleOnlineStore.Repository.csproj", "{64A1F74A-32D4-4AF3-9336-1E6FC70CCE1A}"
EndProject
Project("{9A19103F-16F7-4668-BE54-9A1E7A4F7556}") = "SimpleOnlineStore.WebApi", "SimpleOnlineStore.WebApi\SimpleOnlineStore.WebApi.csproj", "{C0625F6A-C06B-40B4-AF08-75412EFFD95A}"
EndProject
Project("{9A19103F-16F7-4668-BE54-9A1E7A4F7556}") = "SimpleOnlineStore.Application.Service", "SimpleOnlineStore.Application.Service\SimpleOnlineStore.Application.Service.csproj", "{6DF6A74A-840E-40A3-8903-3E5B9A61344F}"
EndProject
Project("{9A19103F-16F7-4668-BE54-9A1E7A4F7556}") = "SimpleOnlineStore.Application", "SimpleOnlineStore.Application\SimpleOnlineStore.Application.csproj", "{0B5ACD48-9EF1-4E47-87EE-1149283875E6}"
EndProject
Project("{FAE04EC0-301F-11D3-BF4B-00C04F79EFBC}") = "SimpleOnlineStore.Test", "SimpleOnlineStore.Test\SimpleOnlineStore.Test.csproj", "{0061E44F-DA08-441B-BE91-06CD483A1B30}"
EndProject
Global
	GlobalSection(SolutionConfigurationPlatforms) = preSolution
		Debug|Any CPU = Debug|Any CPU
		Release|Any CPU = Release|Any CPU
	EndGlobalSection
	GlobalSection(ProjectConfigurationPlatforms) = postSolution
		{67E86A43-28E7-4FEB-BBA2-B71EFCFDD328}.Debug|Any CPU.ActiveCfg = Debug|Any CPU
		{67E86A43-28E7-4FEB-BBA2-B71EFCFDD328}.Debug|Any CPU.Build.0 = Debug|Any CPU
		{67E86A43-28E7-4FEB-BBA2-B71EFCFDD328}.Release|Any CPU.ActiveCfg = Release|Any CPU
		{67E86A43-28E7-4FEB-BBA2-B71EFCFDD328}.Release|Any CPU.Build.0 = Release|Any CPU
		{64A1F74A-32D4-4AF3-9336-1E6FC70CCE1A}.Debug|Any CPU.ActiveCfg = Debug|Any CPU
		{64A1F74A-32D4-4AF3-9336-1E6FC70CCE1A}.Debug|Any CPU.Build.0 = Debug|Any CPU
		{64A1F74A-32D4-4AF3-9336-1E6FC70CCE1A}.Release|Any CPU.ActiveCfg = Release|Any CPU
		{64A1F74A-32D4-4AF3-9336-1E6FC70CCE1A}.Release|Any CPU.Build.0 = Release|Any CPU
		{C0625F6A-C06B-40B4-AF08-75412EFFD95A}.Debug|Any CPU.ActiveCfg = Debug|Any CPU
		{C0625F6A-C06B-40B4-AF08-75412EFFD95A}.Debug|Any CPU.Build.0 = Debug|Any CPU
		{C0625F6A-C06B-40B4-AF08-75412EFFD95A}.Release|Any CPU.ActiveCfg = Release|Any CPU
		{C0625F6A-C06B-40B4-AF08-75412EFFD95A}.Release|Any CPU.Build.0 = Release|Any CPU
		{6DF6A74A-840E-40A3-8903-3E5B9A61344F}.Debug|Any CPU.ActiveCfg = Debug|Any CPU
		{6DF6A74A-840E-40A3-8903-3E5B9A61344F}.Debug|Any CPU.Build.0 = Debug|Any CPU
		{6DF6A74A-840E-40A3-8903-3E5B9A61344F}.Release|Any CPU.ActiveCfg = Release|Any CPU
		{6DF6A74A-840E-40A3-8903-3E5B9A61344F}.Release|Any CPU.Build.0 = Release|Any CPU
		{0B5ACD48-9EF1-4E47-87EE-1149283875E6}.Debug|Any CPU.ActiveCfg = Debug|Any CPU
		{0B5ACD48-9EF1-4E47-87EE-1149283875E6}.Debug|Any CPU.Build.0 = Debug|Any CPU
		{0B5ACD48-9EF1-4E47-87EE-1149283875E6}.Release|Any CPU.ActiveCfg = Release|Any CPU
		{0B5ACD48-9EF1-4E47-87EE-1149283875E6}.Release|Any CPU.Build.0 = Release|Any CPU
		{0061E44F-DA08-441B-BE91-06CD483A1B30}.Debug|Any CPU.ActiveCfg = Debug|Any CPU
		{0061E44F-DA08-441B-BE91-06CD483A1B30}.Debug|Any CPU.Build.0 = Debug|Any CPU
		{0061E44F-DA08-441B-BE91-06CD483A1B30}.Release|Any CPU.ActiveCfg = Release|Any CPU
		{0061E44F-DA08-441B-BE91-06CD483A1B30}.Release|Any CPU.Build.0 = Release|Any CPU
	EndGlobalSection
	GlobalSection(SolutionProperties) = preSolution
		HideSolutionNode = FALSE
	EndGlobalSection
	GlobalSection(NestedProjects) = preSolution
		{67E86A43-28E7-4FEB-BBA2-B71EFCFDD328} = {392CC4AC-30A2-450B-A302-2B47ECC3CC73}
		{64A1F74A-32D4-4AF3-9336-1E6FC70CCE1A} = {B110001B-DB99-4B8F-A3ED-B97A4BCA2A26}
		{C0625F6A-C06B-40B4-AF08-75412EFFD95A} = {FED00FC0-F823-4366-9339-C1F3279FDBF1}
		{6DF6A74A-840E-40A3-8903-3E5B9A61344F} = {392CC4AC-30A2-450B-A302-2B47ECC3CC73}
		{0B5ACD48-9EF1-4E47-87EE-1149283875E6} = {392CC4AC-30A2-450B-A302-2B47ECC3CC73}
		{0061E44F-DA08-441B-BE91-06CD483A1B30} = {FED00FC0-F823-4366-9339-C1F3279FDBF1}
	EndGlobalSection
	GlobalSection(ExtensibilityGlobals) = postSolution
		SolutionGuid = {162291BB-DBD2-417A-B36C-FB11B856B2B5}
	EndGlobalSection
EndGlobal
